{
  "name": "landwise_analytica",
  "lockfileVersion": 3,
  "requires": true,
  "packages": {
    "": {
      "dependencies": {
        "geographiclib": "^1.52.2"
      }
    },
    "node_modules/geographiclib": {
      "version": "1.52.2",
      "resolved": "https://registry.npmjs.org/geographiclib/-/geographiclib-1.52.2.tgz",
      "integrity": "sha512-c550+nvtkNj2wYubkDTvyujiLLYyW64paku7k3xesbtgH+Rzb5rrs/FaCrzHCjwer1EA59ENldS/IFGa3nMoOg==",
      "deprecated": "This package has been split into geographic-geodesic + geographiclib-dms; use one or both of these instead of geographiclib.",
      "license": "MIT"
    }
  }
}
